
Microsoft Visual Studio Solution File, Format Version 12.00
# Visual Studio Version 17
VisualStudioVersion = 17.9.34723.18
MinimumVisualStudioVersion = 10.0.40219.1
Project("{FAE04EC0-301F-11D3-BF4B-00C04F79EFBC}") = "SQLAnalyzer", "SQLAnalyzer.csproj", "{6B019865-BB27-4D19-B502-DA6483D9276B}"
EndProject
Global
	GlobalSection(SolutionConfigurationPlatforms) = preSolution
		Debug|Any CPU = Debug|Any CPU
		Release|Any CPU = Release|Any CPU
	EndGlobalSection
	GlobalSection(ProjectConfigurationPlatforms) = postSolution
		{6B019865-BB27-4D19-B502-DA6483D9276B}.Debug|Any CPU.ActiveCfg = Debug|Any CPU
		{6B019865-BB27-4D19-B502-DA6483D9276B}.Debug|Any CPU.Build.0 = Debug|Any CPU
		{6B019865-BB27-4D19-B502-DA6483D9276B}.Release|Any CPU.ActiveCfg = Release|Any CPU
		{6B019865-BB27-4D19-B502-DA6483D9276B}.Release|Any CPU.Build.0 = Release|Any CPU
	EndGlobalSection
	GlobalSection(SolutionProperties) = preSolution
		HideSolutionNode = FALSE
	EndGlobalSection
	GlobalSection(ExtensibilityGlobals) = postSolution
		SolutionGuid = {27AED67B-13A8-4492-B9E0-3F66F009294C}
	EndGlobalSection
EndGlobal
